
Microsoft Visual Studio Solution File, Format Version 12.00
# Visual Studio Version 16
VisualStudioVersion = 16.0.808.2
MinimumVisualStudioVersion = 10.0.40219.1
Project("{FAE04EC0-301F-11D3-BF4B-00C04F79EFBC}") = "AbstractFactory", "AbstractFactory\AbstractFactory.csproj", "{84C399F8-601C-44CE-AF4B-81C8E87B9D1C}"
EndProject
Global
	GlobalSection(SolutionConfigurationPlatforms) = preSolution
		Debug|anycpu = Debug|anycpu
		Release|anycpu = Release|anycpu
	EndGlobalSection
	GlobalSection(ProjectConfigurationPlatforms) = postSolution
		{84C399F8-601C-44CE-AF4B-81C8E87B9D1C}.Debug|anycpu.ActiveCfg = Debug|anycpu
		{84C399F8-601C-44CE-AF4B-81C8E87B9D1C}.Debug|anycpu.Build.0 = Debug|anycpu
		{84C399F8-601C-44CE-AF4B-81C8E87B9D1C}.Release|anycpu.ActiveCfg = Release|anycpu
		{84C399F8-601C-44CE-AF4B-81C8E87B9D1C}.Release|anycpu.Build.0 = Release|anycpu
	EndGlobalSection
	GlobalSection(SolutionProperties) = preSolution
		HideSolutionNode = FALSE
	EndGlobalSection
	GlobalSection(ExtensibilityGlobals) = postSolution
		SolutionGuid = {A823E39A-9502-4ECC-BAB6-8CBF740BB913}
	EndGlobalSection
EndGlobal
